
Microsoft Visual Studio Solution File, Format Version 12.00
# Visual Studio Version 17
VisualStudioVersion = 17.5.002.0
MinimumVisualStudioVersion = 10.0.40219.1
Project("{9A19103F-16F7-4668-BE54-9A1E7A4F7556}") = "DogAPI", "DogAPI.csproj", "{F12ED78B-9528-4DDD-897E-C9D9705870BF}"
EndProject
Global
	GlobalSection(SolutionConfigurationPlatforms) = preSolution
		Debug|Any CPU = Debug|Any CPU
		Release|Any CPU = Release|Any CPU
	EndGlobalSection
	GlobalSection(ProjectConfigurationPlatforms) = postSolution
		{F12ED78B-9528-4DDD-897E-C9D9705870BF}.Debug|Any CPU.ActiveCfg = Debug|Any CPU
		{F12ED78B-9528-4DDD-897E-C9D9705870BF}.Debug|Any CPU.Build.0 = Debug|Any CPU
		{F12ED78B-9528-4DDD-897E-C9D9705870BF}.Release|Any CPU.ActiveCfg = Release|Any CPU
		{F12ED78B-9528-4DDD-897E-C9D9705870BF}.Release|Any CPU.Build.0 = Release|Any CPU
	EndGlobalSection
	GlobalSection(SolutionProperties) = preSolution
		HideSolutionNode = FALSE
	EndGlobalSection
	GlobalSection(ExtensibilityGlobals) = postSolution
		SolutionGuid = {93BA2DF9-53D1-46D9-9FE1-650386A4AE6D}
	EndGlobalSection
EndGlobal
